
Microsoft Visual Studio Solution File, Format Version 12.00
# Visual Studio Version 17
VisualStudioVersion = 17.13.35825.156 d17.13
MinimumVisualStudioVersion = 10.0.40219.1
Project("{FAE04EC0-301F-11D3-BF4B-00C04F79EFBC}") = "AutoCoolerMobile", "AutoCoolerMobile\AutoCoolerMobile.csproj", "{59F88CAF-F6C7-410B-8941-5DDFD17E187B}"
EndProject
Global
	GlobalSection(SolutionConfigurationPlatforms) = preSolution
		Debug|Any CPU = Debug|Any CPU
		Release|Any CPU = Release|Any CPU
	EndGlobalSection
	GlobalSection(ProjectConfigurationPlatforms) = postSolution
		{59F88CAF-F6C7-410B-8941-5DDFD17E187B}.Debug|Any CPU.ActiveCfg = Debug|Any CPU
		{59F88CAF-F6C7-410B-8941-5DDFD17E187B}.Debug|Any CPU.Build.0 = Debug|Any CPU
		{59F88CAF-F6C7-410B-8941-5DDFD17E187B}.Debug|Any CPU.Deploy.0 = Debug|Any CPU
		{59F88CAF-F6C7-410B-8941-5DDFD17E187B}.Release|Any CPU.ActiveCfg = Release|Any CPU
		{59F88CAF-F6C7-410B-8941-5DDFD17E187B}.Release|Any CPU.Build.0 = Release|Any CPU
		{59F88CAF-F6C7-410B-8941-5DDFD17E187B}.Release|Any CPU.Deploy.0 = Release|Any CPU
	EndGlobalSection
	GlobalSection(SolutionProperties) = preSolution
		HideSolutionNode = FALSE
	EndGlobalSection
	GlobalSection(ExtensibilityGlobals) = postSolution
		SolutionGuid = {E08F50D7-FD76-442F-BA25-5E7F62F9189C}
	EndGlobalSection
EndGlobal
